
Microsoft Visual Studio Solution File, Format Version 12.00
# Visual Studio Version 16
VisualStudioVersion = 16.0.28803.916
MinimumVisualStudioVersion = 10.0.40219.1
Project("{FAE04EC0-301F-11D3-BF4B-00C04F79EFBC}") = "BowlingGame", "BowlingGame\BowlingGame.csproj", "{E4ED5BE7-829F-4BD1-AB07-BDCC3F56BA44}"
EndProject
Project("{FAE04EC0-301F-11D3-BF4B-00C04F79EFBC}") = "ConsoleApp1", "ConsoleApp1\ConsoleApp1.csproj", "{5521EE48-087B-4911-9FAF-09610E07AF54}"
EndProject
Global
	GlobalSection(SolutionConfigurationPlatforms) = preSolution
		Debug|Any CPU = Debug|Any CPU
		Release|Any CPU = Release|Any CPU
	EndGlobalSection
	GlobalSection(ProjectConfigurationPlatforms) = postSolution
		{E4ED5BE7-829F-4BD1-AB07-BDCC3F56BA44}.Debug|Any CPU.ActiveCfg = Debug|Any CPU
		{E4ED5BE7-829F-4BD1-AB07-BDCC3F56BA44}.Debug|Any CPU.Build.0 = Debug|Any CPU
		{E4ED5BE7-829F-4BD1-AB07-BDCC3F56BA44}.Release|Any CPU.ActiveCfg = Release|Any CPU
		{E4ED5BE7-829F-4BD1-AB07-BDCC3F56BA44}.Release|Any CPU.Build.0 = Release|Any CPU
		{5521EE48-087B-4911-9FAF-09610E07AF54}.Debug|Any CPU.ActiveCfg = Debug|Any CPU
		{5521EE48-087B-4911-9FAF-09610E07AF54}.Debug|Any CPU.Build.0 = Debug|Any CPU
		{5521EE48-087B-4911-9FAF-09610E07AF54}.Release|Any CPU.ActiveCfg = Release|Any CPU
		{5521EE48-087B-4911-9FAF-09610E07AF54}.Release|Any CPU.Build.0 = Release|Any CPU
	EndGlobalSection
	GlobalSection(SolutionProperties) = preSolution
		HideSolutionNode = FALSE
	EndGlobalSection
	GlobalSection(ExtensibilityGlobals) = postSolution
		SolutionGuid = {C1597264-D2B0-4A2D-A572-4BAAF6A58780}
	EndGlobalSection
EndGlobal
